// !$*UTF8*$!
{
	archiveVersion = 1;
	classes = {
	};
	objectVersion = 46;
	objects = {

/* Begin PBXBuildFile section */
		1537BE421B46680300F9DA79 /* AppDelegate.swift in Sources */ = {isa = PBXBuildFile; fileRef = 1537BE411B46680300F9DA79 /* AppDelegate.swift */; };
		1537BE441B46680300F9DA79 /* ViewController.swift in Sources */ = {isa = PBXBuildFile; fileRef = 1537BE431B46680300F9DA79 /* ViewController.swift */; };
		1537BE471B46680300F9DA79 /* Main.storyboard in Resources */ = {isa = PBXBuildFile; fileRef = 1537BE451B46680300F9DA79 /* Main.storyboard */; };
		1537BE491B46680300F9DA79 /* Images.xcassets in Resources */ = {isa = PBXBuildFile; fileRef = 1537BE481B46680300F9DA79 /* Images.xcassets */; };
		1537BE4C1B46680300F9DA79 /* LaunchScreen.xib in Resources */ = {isa = PBXBuildFile; fileRef = 1537BE4A1B46680300F9DA79 /* LaunchScreen.xib */; };
		1537BE581B46680300F9DA79 /* swift01Tests.swift in Sources */ = {isa = PBXBuildFile; fileRef = 1537BE571B46680300F9DA79 /* swift01Tests.swift */; };
/* End PBXBuildFile section */

/* Begin PBXContainerItemProxy section */
		1537BE521B46680300F9DA79 /* PBXContainerItemProxy */ = {
			isa = PBXContainerItemProxy;
			containerPortal = 1537BE341B46680300F9DA79 /* Project object */;
			proxyType = 1;
			remoteGlobalIDString = 1537BE3B1B46680300F9DA79;
			remoteInfo = swift01;
		};
/* End PBXContainerItemProxy section */

/* Begin PBXFileReference section */
		1537BE3C1B46680300F9DA79 /* swift01.app */ = {isa = PBXFileReference; explicitFileType = wrapper.application; includeInIndex = 0; path = swift01.app; sourceTree = BUILT_PRODUCTS_DIR; };
		1537BE401B46680300F9DA79 /* Info.plist */ = {isa = PBXFileReference; lastKnownFileType = text.plist.xml; path = Info.plist; sourceTree = "<group>"; };
		1537BE411B46680300F9DA79 /* AppDelegate.swift */ = {isa = PBXFileReference; lastKnownFileType = sourcecode.swift; path = AppDelegate.swift; sourceTree = "<group>"; };
		1537BE431B46680300F9DA79 /* ViewController.swift */ = {isa = PBXFileReference; lastKnownFileType = sourcecode.swift; path = ViewController.swift; sourceTree = "<group>"; };
		1537BE461B46680300F9DA79 /* Base */ = {isa = PBXFileReference; lastKnownFileType = file.storyboard; name = Base; path = Base.lproj/Main.storyboard; sourceTree = "<group>"; };
		1537BE481B46680300F9DA79 /* Images.xcassets */ = {isa = PBXFileReference; lastKnownFileType = folder.assetcatalog; path = Images.xcassets; sourceTree = "<group>"; };
		1537BE4B1B46680300F9DA79 /* Base */ = {isa = PBXFileReference; lastKnownFileType = file.xib; name = Base; path = Base.lproj/LaunchScreen.xib; sourceTree = "<group>"; };
		1537BE511B46680300F9DA79 /* swift01Tests.xctest */ = {isa = PBXFileReference; explicitFileType = wrapper.cfbundle; includeInIndex = 0; path = swift01Tests.xctest; sourceTree = BUILT_PRODUCTS_DIR; };
		1537BE561B46680300F9DA79 /* Info.plist */ = {isa = PBXFileReference; lastKnownFileType = text.plist.xml; path = Info.plist; sourceTree = "<group>"; };
		1537BE571B46680300F9DA79 /* swift01Tests.swift */ = {isa = PBXFileReference; lastKnownFileType = sourcecode.swift; path = swift01Tests.swift; sourceTree = "<group>"; };
/* End PBXFileReference section */

/* Begin PBXFrameworksBuildPhase section */
		1537BE391B46680300F9DA79 /* Frameworks */ = {
			isa = PBXFrameworksBuildPhase;
			buildActionMask = 2147483647;
			files = (
			);
			runOnlyForDeploymentPostprocessing = 0;
		};
		1537BE4E1B46680300F9DA79 /* Frameworks */ = {
			isa = PBXFrameworksBuildPhase;
			buildActionMask = 2147483647;
			files = (
			);
			runOnlyForDeploymentPostprocessing = 0;
		};
/* End PBXFrameworksBuildPhase section */

/* Begin PBXGroup section */
		1537BE331B46680300F9DA79 = {
			isa = PBXGroup;
			children = (
				1537BE3E1B46680300F9DA79 /* swift01 */,
				1537BE541B46680300F9DA79 /* swift01Tests */,
				1537BE3D1B46680300F9DA79 /* Products */,
			);
			sourceTree = "<group>";
		};
		1537BE3D1B46680300F9DA79 /* Products */ = {
			isa = PBXGroup;
			children = (
				1537BE3C1B46680300F9DA79 /* swift01.app */,
				1537BE511B46680300F9DA79 /* swift01Tests.xctest */,
			);
			name = Products;
			sourceTree = "<group>";
		};
		1537BE3E1B46680300F9DA79 /* swift01 */ = {
			isa = PBXGroup;
			children = (
				1537BE411B46680300F9DA79 /* AppDelegate.swift */,
				1537BE431B46680300F9DA79 /* ViewController.swift */,
				1537BE451B46680300F9DA79 /* Main.storyboard */,
				1537BE481B46680300F9DA79 /* Images.xcassets */,
				1537BE4A1B46680300F9DA79 /* LaunchScreen.xib */,
				1537BE3F1B46680300F9DA79 /* Supporting Files */,
			);
			path = swift01;
			sourceTree = "<group>";
		};
		1537BE3F1B46680300F9DA79 /* Supporting Files */ = {
			isa = PBXGroup;
			children = (
				1537BE401B46680300F9DA79 /* Info.plist */,
			);
			name = "Supporting Files";
			sourceTree = "<group>";
		};
		1537BE541B46680300F9DA79 /* swift01Tests */ = {
			isa = PBXGroup;
			children = (
				1537BE571B46680300F9DA79 /* swift01Tests.swift */,
				1537BE551B46680300F9DA79 /* Supporting Files */,
			);
			path = swift01Tests;
			sourceTree = "<group>";
		};
		1537BE551B46680300F9DA79 /* Supporting Files */ = {
			isa = PBXGroup;
			children = (
				1537BE561B46680300F9DA79 /* Info.plist */,
			);
			name = "Supporting Files";
			sourceTree = "<group>";
		};
/* End PBXGroup section */

/* Begin PBXNativeTarget section */
		1537BE3B1B46680300F9DA79 /* swift01 */ = {
			isa = PBXNativeTarget;
			buildConfigurationList = 1537BE5B1B46680300F9DA79 /* Build configuration list for PBXNativeTarget "swift01" */;
			buildPhases = (
				1537BE381B46680300F9DA79 /* Sources */,
				1537BE391B46680300F9DA79 /* Frameworks */,
				1537BE3A1B46680300F9DA79 /* Resources */,
			);
			buildRules = (
			);
			dependencies = (
			);
			name = swift01;
			productName = swift01;
			productReference = 1537BE3C1B46680300F9DA79 /* swift01.app */;
			productType = "com.apple.product-type.application";
		};
		1537BE501B46680300F9DA79 /* swift01Tests */ = {
			isa = PBXNativeTarget;
			buildConfigurationList = 1537BE5E1B46680300F9DA79 /* Build configuration list for PBXNativeTarget "swift01Tests" */;
			buildPhases = (
				1537BE4D1B46680300F9DA79 /* Sources */,
				1537BE4E1B46680300F9DA79 /* Frameworks */,
				1537BE4F1B46680300F9DA79 /* Resources */,
			);
			buildRules = (
			);
			dependencies = (
				1537BE531B46680300F9DA79 /* PBXTargetDependency */,
			);
			name = swift01Tests;
			productName = swift01Tests;
			productReference = 1537BE511B46680300F9DA79 /* swift01Tests.xctest */;
			productType = "com.apple.product-type.bundle.unit-test";
		};
/* End PBXNativeTarget section */

/* Begin PBXProject section */
		1537BE341B46680300F9DA79 /* Project object */ = {
			isa = PBXProject;
			attributes = {
				LastUpgradeCheck = 0630;
				ORGANIZATIONNAME = yushuhui;
				TargetAttributes = {
					1537BE3B1B46680300F9DA79 = {
						CreatedOnToolsVersion = 6.3.2;
					};
					1537BE501B46680300F9DA79 = {
						CreatedOnToolsVersion = 6.3.2;
						TestTargetID = 1537BE3B1B46680300F9DA79;
					};
				};
			};
			buildConfigurationList = 1537BE371B46680300F9DA79 /* Build configuration list for PBXProject "swift01" */;
			compatibilityVersion = "Xcode 3.2";
			developmentRegion = English;
			hasScannedForEncodings = 0;
			knownRegions = (
				en,
				Base,
			);
			mainGroup = 1537BE331B46680300F9DA79;
			productRefGroup = 1537BE3D1B46680300F9DA79 /* Products */;
			projectDirPath = "";
			projectRoot = "";
			targets = (
				1537BE3B1B46680300F9DA79 /* swift01 */,
				1537BE501B46680300F9DA79 /* swift01Tests */,
			);
		};
/* End PBXProject section */

/* Begin PBXResourcesBuildPhase section */
		1537BE3A1B46680300F9DA79 /* Resources */ = {
			isa = PBXResourcesBuildPhase;
			buildActionMask = 2147483647;
			files = (
				1537BE471B46680300F9DA79 /* Main.storyboard in Resources */,
				1537BE4C1B46680300F9DA79 /* LaunchScreen.xib in Resources */,
				1537BE491B46680300F9DA79 /* Images.xcassets in Resources */,
			);
			runOnlyForDeploymentPostprocessing = 0;
		};
		1537BE4F1B46680300F9DA79 /* Resources */ = {
			isa = PBXResourcesBuildPhase;
			buildActionMask = 2147483647;
			files = (
			);
			runOnlyForDeploymentPostprocessing = 0;
		};
/* End PBXResourcesBuildPhase section */

/* Begin PBXSourcesBuildPhase section */
		1537BE381B46680300F9DA79 /* Sources */ = {
			isa = PBXSourcesBuildPhase;
			buildActionMask = 2147483647;
			files = (
				1537BE441B46680300F9DA79 /* ViewController.swift in Sources */,
				1537BE421B46680300F9DA79 /* AppDelegate.swift in Sources */,
			);
			runOnlyForDeploymentPostprocessing = 0;
		};
		1537BE4D1B46680300F9DA79 /* Sources */ = {
			isa = PBXSourcesBuildPhase;
			buildActionMask = 2147483647;
			files = (
				1537BE581B46680300F9DA79 /* swift01Tests.swift in Sources */,
			);
			runOnlyForDeploymentPostprocessing = 0;
		};
/* End PBXSourcesBuildPhase section */

/* Begin PBXTargetDependency section */
		1537BE531B46680300F9DA79 /* PBXTargetDependency */ = {
			isa = PBXTargetDependency;
			target = 1537BE3B1B46680300F9DA79 /* swift01 */;
			targetProxy = 1537BE521B46680300F9DA79 /* PBXContainerItemProxy */;
		};
/* End PBXTargetDependency section */

/* Begin PBXVariantGroup section */
		1537BE451B46680300F9DA79 /* Main.storyboard */ = {
			isa = PBXVariantGroup;
			children = (
				1537BE461B46680300F9DA79 /* Base */,
			);
			name = Main.storyboard;
			sourceTree = "<group>";
		};
		1537BE4A1B46680300F9DA79 /* LaunchScreen.xib */ = {
			isa = PBXVariantGroup;
			children = (
				1537BE4B1B46680300F9DA79 /* Base */,
			);
			name = LaunchScreen.xib;
			sourceTree = "<group>";
		};
/* End PBXVariantGroup section */

/* Begin XCBuildConfiguration section */
		1537BE591B46680300F9DA79 /* Debug */ = {
			isa = XCBuildConfiguration;
			buildSettings = {
				ALWAYS_SEARCH_USER_PATHS = NO;
				CLANG_CXX_LANGUAGE_STANDARD = "gnu++0x";
				CLANG_CXX_LIBRARY = "libc++";
				CLANG_ENABLE_MODULES = YES;
				CLANG_ENABLE_OBJC_ARC = YES;
				CLANG_WARN_BOOL_CONVERSION = YES;
				CLANG_WARN_CONSTANT_CONVERSION = YES;
				CLANG_WARN_DIRECT_OBJC_ISA_USAGE = YES_ERROR;
				CLANG_WARN_EMPTY_BODY = YES;
				CLANG_WARN_ENUM_CONVERSION = YES;
				CLANG_WARN_INT_CONVERSION = YES;
				CLANG_WARN_OBJC_ROOT_CLASS = YES_ERROR;
				CLANG_WARN_UNREACHABLE_CODE = YES;
				CLANG_WARN__DUPLICATE_METHOD_MATCH = YES;
				"CODE_SIGN_IDENTITY[sdk=iphoneos*]" = "iPhone Developer";
				COPY_PHASE_STRIP = NO;
				DEBUG_INFORMATION_FORMAT = "dwarf-with-dsym";
				ENABLE_STRICT_OBJC_MSGSEND = YES;
				GCC_C_LANGUAGE_STANDARD = gnu99;
				GCC_DYNAMIC_NO_PIC = NO;
				GCC_NO_COMMON_BLOCKS = YES;
				GCC_OPTIMIZATION_LEVEL = 0;
				GCC_PREPROCESSOR_DEFINITIONS = (
					"DEBUG=1",
					"$(inherited)",
				);
				GCC_SYMBOLS_PRIVATE_EXTERN = NO;
				GCC_WARN_64_TO_32_BIT_CONVERSION = YES;
				GCC_WARN_ABOUT_RETURN_TYPE = YES_ERROR;
				GCC_WARN_UNDECLARED_SELECTOR = YES;
				GCC_WARN_UNINITIALIZED_AUTOS = YES_AGGRESSIVE;
				GCC_WARN_UNUSED_FUNCTION = YES;
				GCC_WARN_UNUSED_VARIABLE = YES;
				IPHONEOS_DEPLOYMENT_TARGET = 8.3;
				MTL_ENABLE_DEBUG_INFO = YES;
				ONLY_ACTIVE_ARCH = YES;
				SDKROOT = iphoneos;
				SWIFT_OPTIMIZATION_LEVEL = "-Onone";
			};
			name = Debug;
		};
		1537BE5A1B46680300F9DA79 /* Release */ = {
			isa = XCBuildConfiguration;
			buildSettings = {
				ALWAYS_SEARCH_USER_PATHS = NO;
				CLANG_CXX_LANGUAGE_STANDARD = "gnu++0x";
				CLANG_CXX_LIBRARY = "libc++";
				CLANG_ENABLE_MODULES = YES;
				CLANG_ENABLE_OBJC_ARC = YES;
				CLANG_WARN_BOOL_CONVERSION = YES;
				CLANG_WARN_CONSTANT_CONVERSION = YES;
				CLANG_WARN_DIRECT_OBJC_ISA_USAGE = YES_ERROR;
				CLANG_WARN_EMPTY_BODY = YES;
				CLANG_WARN_ENUM_CONVERSION = YES;
				CLANG_WARN_INT_CONVERSION = YES;
				CLANG_WARN_OBJC_ROOT_CLASS = YES_ERROR;
				CLANG_WARN_UNREACHABLE_CODE = YES;
				CLANG_WARN__DUPLICATE_METHOD_MATCH = YES;
				"CODE_SIGN_IDENTITY[sdk=iphoneos*]" = "iPhone Developer";
				COPY_PHASE_STRIP = NO;
				DEBUG_INFORMATION_FORMAT = "dwarf-with-dsym";
				ENABLE_NS_ASSERTIONS = NO;
				ENABLE_STRICT_OBJC_MSGSEND = YES;
				GCC_C_LANGUAGE_STANDARD = gnu99;
				GCC_NO_COMMON_BLOCKS = YES;
				GCC_WARN_64_TO_32_BIT_CONVERSION = YES;
				GCC_WARN_ABOUT_RETURN_TYPE = YES_ERROR;
				GCC_WARN_UNDECLARED_SELECTOR = YES;
				GCC_WARN_UNINITIALIZED_AUTOS = YES_AGGRESSIVE;
				GCC_WARN_UNUSED_FUNCTION = YES;
				GCC_WARN_UNUSED_VARIABLE = YES;
				IPHONEOS_DEPLOYMENT_TARGET = 8.3;
				MTL_ENABLE_DEBUG_INFO = NO;
				SDKROOT = iphoneos;
				VALIDATE_PRODUCT = YES;
			};
			name = Release;
		};
		1537BE5C1B46680300F9DA79 /* Debug */ = {
			isa = XCBuildConfiguration;
			buildSettings = {
				ASSETCATALOG_COMPILER_APPICON_NAME = AppIcon;
				INFOPLIST_FILE = swift01/Info.plist;
				LD_RUNPATH_SEARCH_PATHS = "$(inherited) @executable_path/Frameworks";
				PRODUCT_NAME = "$(TARGET_NAME)";
			};
			name = Debug;
		};
		1537BE5D1B46680300F9DA79 /* Release */ = {
			isa = XCBuildConfiguration;
			buildSettings = {
				ASSETCATALOG_COMPILER_APPICON_NAME = AppIcon;
				INFOPLIST_FILE = swift01/Info.plist;
				LD_RUNPATH_SEARCH_PATHS = "$(inherited) @executable_path/Frameworks";
				PRODUCT_NAME = "$(TARGET_NAME)";
			};
			name = Release;
		};
		1537BE5F1B46680300F9DA79 /* Debug */ = {
			isa = XCBuildConfiguration;
			buildSettings = {
				BUNDLE_LOADER = "$(TEST_HOST)";
				FRAMEWORK_SEARCH_PATHS = (
					"$(SDKROOT)/Developer/Library/Frameworks",
					"$(inherited)",
				);
				GCC_PREPROCESSOR_DEFINITIONS = (
					"DEBUG=1",
					"$(inherited)",
				);
				INFOPLIST_FILE = swift01Tests/Info.plist;
				LD_RUNPATH_SEARCH_PATHS = "$(inherited) @executable_path/Frameworks @loader_path/Frameworks";
				PRODUCT_NAME = "$(TARGET_NAME)";
				TEST_HOST = "$(BUILT_PRODUCTS_DIR)/swift01.app/swift01";
			};
			name = Debug;
		};
		1537BE601B46680300F9DA79 /* Release */ = {
			isa = XCBuildConfiguration;
			buildSettings = {
				BUNDLE_LOADER = "$(TEST_HOST)";
				FRAMEWORK_SEARCH_PATHS = (
					"$(SDKROOT)/Developer/Library/Frameworks",
					"$(inherited)",
				);
				INFOPLIST_FILE = swift01Tests/Info.plist;
				LD_RUNPATH_SEARCH_PATHS = "$(inherited) @executable_path/Frameworks @loader_path/Frameworks";
				PRODUCT_NAME = "$(TARGET_NAME)";
				TEST_HOST = "$(BUILT_PRODUCTS_DIR)/swift01.app/swift01";
			};
			name = Release;
		};
/* End XCBuildConfiguration section */

/* Begin XCConfigurationList section */
		1537BE371B46680300F9DA79 /* Build configuration list for PBXProject "swift01" */ = {
			isa = XCConfigurationList;
			buildConfigurations = (
				1537BE591B46680300F9DA79 /* Debug */,
				1537BE5A1B46680300F9DA79 /* Release */,
			);
			defaultConfigurationIsVisible = 0;
			defaultConfigurationName = Release;
		};
		1537BE5B1B46680300F9DA79 /* Build configuration list for PBXNativeTarget "swift01" */ = {
			isa = XCConfigurationList;
			buildConfigurations = (
				1537BE5C1B46680300F9DA79 /* Debug */,
				1537BE5D1B46680300F9DA79 /* Release */,
			);
			defaultConfigurationIsVisible = 0;
		};
		1537BE5E1B46680300F9DA79 /* Build configuration list for PBXNativeTarget "swift01Tests" */ = {
			isa = XCConfigurationList;
			buildConfigurations = (
				1537BE5F1B46680300F9DA79 /* Debug */,
				1537BE601B46680300F9DA79 /* Release */,
			);
			defaultConfigurationIsVisible = 0;
		};
/* End XCConfigurationList section */
	};
	rootObject = 1537BE341B46680300F9DA79 /* Project object */;
}
